
Microsoft Visual Studio Solution File, Format Version 12.00
# Visual Studio Version 17
VisualStudioVersion = 17.6.33829.357
MinimumVisualStudioVersion = 10.0.40219.1
Project("{FAE04EC0-301F-11D3-BF4B-00C04F79EFBC}") = "API_Treinamento_Auth", "API_Treinamento_Auth.csproj", "{75E8A1B6-E537-4B33-A2C5-0BA2CA5D3F3D}"
EndProject
Global
	GlobalSection(SolutionConfigurationPlatforms) = preSolution
		Debug|Any CPU = Debug|Any CPU
		Release|Any CPU = Release|Any CPU
	EndGlobalSection
	GlobalSection(ProjectConfigurationPlatforms) = postSolution
		{75E8A1B6-E537-4B33-A2C5-0BA2CA5D3F3D}.Debug|Any CPU.ActiveCfg = Debug|Any CPU
		{75E8A1B6-E537-4B33-A2C5-0BA2CA5D3F3D}.Debug|Any CPU.Build.0 = Debug|Any CPU
		{75E8A1B6-E537-4B33-A2C5-0BA2CA5D3F3D}.Release|Any CPU.ActiveCfg = Release|Any CPU
		{75E8A1B6-E537-4B33-A2C5-0BA2CA5D3F3D}.Release|Any CPU.Build.0 = Release|Any CPU
	EndGlobalSection
	GlobalSection(SolutionProperties) = preSolution
		HideSolutionNode = FALSE
	EndGlobalSection
	GlobalSection(ExtensibilityGlobals) = postSolution
		SolutionGuid = {851288FA-22D0-409E-9F44-770187EBB397}
	EndGlobalSection
EndGlobal
